
Microsoft Visual Studio Solution File, Format Version 12.00
# Visual Studio Version 17
VisualStudioVersion = 17.0.31903.59
MinimumVisualStudioVersion = 10.0.40219.1
Project("{2150E333-8FDC-42A3-9474-1A3956D46DE8}") = "MSProducto", "MSProducto", "{E5E21A2B-3388-46F6-FC37-1949192BF701}"
EndProject
Project("{FAE04EC0-301F-11D3-BF4B-00C04F79EFBC}") = "MSProducto.Domain", "MSProducto\MSProducto.Domain\MSProducto.Domain.csproj", "{9B5CBDBA-4DE9-4AE7-8B7E-74ADE7A464F8}"
EndProject
Project("{FAE04EC0-301F-11D3-BF4B-00C04F79EFBC}") = "MSProducto.Application", "MSProducto\MSProducto.Application\MSProducto.Application.csproj", "{4352C754-F01B-4173-B2DA-D83E7408AB8F}"
EndProject
Project("{FAE04EC0-301F-11D3-BF4B-00C04F79EFBC}") = "MSProducto.Infrastructure", "MSProducto\MSProducto.Infrastructure\MSProducto.Infrastructure.csproj", "{9990C927-B1B8-4BBF-AA55-D17B01567EF9}"
EndProject
Project("{FAE04EC0-301F-11D3-BF4B-00C04F79EFBC}") = "MSProducto.API", "MSProducto\MSProducto.API\MSProducto.API.csproj", "{EF599670-1DD5-49B2-A7CC-10C00EEF8F0A}"
EndProject
Global
	GlobalSection(SolutionConfigurationPlatforms) = preSolution
		Debug|Any CPU = Debug|Any CPU
		Debug|x64 = Debug|x64
		Debug|x86 = Debug|x86
		Release|Any CPU = Release|Any CPU
		Release|x64 = Release|x64
		Release|x86 = Release|x86
	EndGlobalSection
	GlobalSection(ProjectConfigurationPlatforms) = postSolution
		{9B5CBDBA-4DE9-4AE7-8B7E-74ADE7A464F8}.Debug|Any CPU.ActiveCfg = Debug|Any CPU
		{9B5CBDBA-4DE9-4AE7-8B7E-74ADE7A464F8}.Debug|Any CPU.Build.0 = Debug|Any CPU
		{9B5CBDBA-4DE9-4AE7-8B7E-74ADE7A464F8}.Debug|x64.ActiveCfg = Debug|Any CPU
		{9B5CBDBA-4DE9-4AE7-8B7E-74ADE7A464F8}.Debug|x64.Build.0 = Debug|Any CPU
		{9B5CBDBA-4DE9-4AE7-8B7E-74ADE7A464F8}.Debug|x86.ActiveCfg = Debug|Any CPU
		{9B5CBDBA-4DE9-4AE7-8B7E-74ADE7A464F8}.Debug|x86.Build.0 = Debug|Any CPU
		{9B5CBDBA-4DE9-4AE7-8B7E-74ADE7A464F8}.Release|Any CPU.ActiveCfg = Release|Any CPU
		{9B5CBDBA-4DE9-4AE7-8B7E-74ADE7A464F8}.Release|Any CPU.Build.0 = Release|Any CPU
		{9B5CBDBA-4DE9-4AE7-8B7E-74ADE7A464F8}.Release|x64.ActiveCfg = Release|Any CPU
		{9B5CBDBA-4DE9-4AE7-8B7E-74ADE7A464F8}.Release|x64.Build.0 = Release|Any CPU
		{9B5CBDBA-4DE9-4AE7-8B7E-74ADE7A464F8}.Release|x86.ActiveCfg = Release|Any CPU
		{9B5CBDBA-4DE9-4AE7-8B7E-74ADE7A464F8}.Release|x86.Build.0 = Release|Any CPU
		{4352C754-F01B-4173-B2DA-D83E7408AB8F}.Debug|Any CPU.ActiveCfg = Debug|Any CPU
		{4352C754-F01B-4173-B2DA-D83E7408AB8F}.Debug|Any CPU.Build.0 = Debug|Any CPU
		{4352C754-F01B-4173-B2DA-D83E7408AB8F}.Debug|x64.ActiveCfg = Debug|Any CPU
		{4352C754-F01B-4173-B2DA-D83E7408AB8F}.Debug|x64.Build.0 = Debug|Any CPU
		{4352C754-F01B-4173-B2DA-D83E7408AB8F}.Debug|x86.ActiveCfg = Debug|Any CPU
		{4352C754-F01B-4173-B2DA-D83E7408AB8F}.Debug|x86.Build.0 = Debug|Any CPU
		{4352C754-F01B-4173-B2DA-D83E7408AB8F}.Release|Any CPU.ActiveCfg = Release|Any CPU
		{4352C754-F01B-4173-B2DA-D83E7408AB8F}.Release|Any CPU.Build.0 = Release|Any CPU
		{4352C754-F01B-4173-B2DA-D83E7408AB8F}.Release|x64.ActiveCfg = Release|Any CPU
		{4352C754-F01B-4173-B2DA-D83E7408AB8F}.Release|x64.Build.0 = Release|Any CPU
		{4352C754-F01B-4173-B2DA-D83E7408AB8F}.Release|x86.ActiveCfg = Release|Any CPU
		{4352C754-F01B-4173-B2DA-D83E7408AB8F}.Release|x86.Build.0 = Release|Any CPU
		{9990C927-B1B8-4BBF-AA55-D17B01567EF9}.Debug|Any CPU.ActiveCfg = Debug|Any CPU
		{9990C927-B1B8-4BBF-AA55-D17B01567EF9}.Debug|Any CPU.Build.0 = Debug|Any CPU
		{9990C927-B1B8-4BBF-AA55-D17B01567EF9}.Debug|x64.ActiveCfg = Debug|Any CPU
		{9990C927-B1B8-4BBF-AA55-D17B01567EF9}.Debug|x64.Build.0 = Debug|Any CPU
		{9990C927-B1B8-4BBF-AA55-D17B01567EF9}.Debug|x86.ActiveCfg = Debug|Any CPU
		{9990C927-B1B8-4BBF-AA55-D17B01567EF9}.Debug|x86.Build.0 = Debug|Any CPU
		{9990C927-B1B8-4BBF-AA55-D17B01567EF9}.Release|Any CPU.ActiveCfg = Release|Any CPU
		{9990C927-B1B8-4BBF-AA55-D17B01567EF9}.Release|Any CPU.Build.0 = Release|Any CPU
		{9990C927-B1B8-4BBF-AA55-D17B01567EF9}.Release|x64.ActiveCfg = Release|Any CPU
		{9990C927-B1B8-4BBF-AA55-D17B01567EF9}.Release|x64.Build.0 = Release|Any CPU
		{9990C927-B1B8-4BBF-AA55-D17B01567EF9}.Release|x86.ActiveCfg = Release|Any CPU
		{9990C927-B1B8-4BBF-AA55-D17B01567EF9}.Release|x86.Build.0 = Release|Any CPU
		{EF599670-1DD5-49B2-A7CC-10C00EEF8F0A}.Debug|Any CPU.ActiveCfg = Debug|Any CPU
		{EF599670-1DD5-49B2-A7CC-10C00EEF8F0A}.Debug|Any CPU.Build.0 = Debug|Any CPU
		{EF599670-1DD5-49B2-A7CC-10C00EEF8F0A}.Debug|x64.ActiveCfg = Debug|Any CPU
		{EF599670-1DD5-49B2-A7CC-10C00EEF8F0A}.Debug|x64.Build.0 = Debug|Any CPU
		{EF599670-1DD5-49B2-A7CC-10C00EEF8F0A}.Debug|x86.ActiveCfg = Debug|Any CPU
		{EF599670-1DD5-49B2-A7CC-10C00EEF8F0A}.Debug|x86.Build.0 = Debug|Any CPU
		{EF599670-1DD5-49B2-A7CC-10C00EEF8F0A}.Release|Any CPU.ActiveCfg = Release|Any CPU
		{EF599670-1DD5-49B2-A7CC-10C00EEF8F0A}.Release|Any CPU.Build.0 = Release|Any CPU
		{EF599670-1DD5-49B2-A7CC-10C00EEF8F0A}.Release|x64.ActiveCfg = Release|Any CPU
		{EF599670-1DD5-49B2-A7CC-10C00EEF8F0A}.Release|x64.Build.0 = Release|Any CPU
		{EF599670-1DD5-49B2-A7CC-10C00EEF8F0A}.Release|x86.ActiveCfg = Release|Any CPU
		{EF599670-1DD5-49B2-A7CC-10C00EEF8F0A}.Release|x86.Build.0 = Release|Any CPU
	EndGlobalSection
	GlobalSection(SolutionProperties) = preSolution
		HideSolutionNode = FALSE
	EndGlobalSection
	GlobalSection(NestedProjects) = preSolution
		{9B5CBDBA-4DE9-4AE7-8B7E-74ADE7A464F8} = {E5E21A2B-3388-46F6-FC37-1949192BF701}
		{4352C754-F01B-4173-B2DA-D83E7408AB8F} = {E5E21A2B-3388-46F6-FC37-1949192BF701}
		{9990C927-B1B8-4BBF-AA55-D17B01567EF9} = {E5E21A2B-3388-46F6-FC37-1949192BF701}
		{EF599670-1DD5-49B2-A7CC-10C00EEF8F0A} = {E5E21A2B-3388-46F6-FC37-1949192BF701}
	EndGlobalSection
EndGlobal
